
Microsoft Visual Studio Solution File, Format Version 12.00
# Visual Studio Version 17
VisualStudioVersion = 17.8.34408.163
MinimumVisualStudioVersion = 10.0.40219.1
Project("{8BC9CEB8-8B4A-11D0-8D11-00A0C91BC942}") = "lab1PO", "lab1PO.vcxproj", "{61571EF9-03AC-4FED-9970-DB14C2D06DA6}"
EndProject
Global
	GlobalSection(SolutionConfigurationPlatforms) = preSolution
		Debug|x64 = Debug|x64
		Debug|x86 = Debug|x86
		Release|x64 = Release|x64
		Release|x86 = Release|x86
	EndGlobalSection
	GlobalSection(ProjectConfigurationPlatforms) = postSolution
		{61571EF9-03AC-4FED-9970-DB14C2D06DA6}.Debug|x64.ActiveCfg = Debug|x64
		{61571EF9-03AC-4FED-9970-DB14C2D06DA6}.Debug|x64.Build.0 = Debug|x64
		{61571EF9-03AC-4FED-9970-DB14C2D06DA6}.Debug|x86.ActiveCfg = Debug|Win32
		{61571EF9-03AC-4FED-9970-DB14C2D06DA6}.Debug|x86.Build.0 = Debug|Win32
		{61571EF9-03AC-4FED-9970-DB14C2D06DA6}.Release|x64.ActiveCfg = Release|x64
		{61571EF9-03AC-4FED-9970-DB14C2D06DA6}.Release|x64.Build.0 = Release|x64
		{61571EF9-03AC-4FED-9970-DB14C2D06DA6}.Release|x86.ActiveCfg = Release|Win32
		{61571EF9-03AC-4FED-9970-DB14C2D06DA6}.Release|x86.Build.0 = Release|Win32
	EndGlobalSection
	GlobalSection(SolutionProperties) = preSolution
		HideSolutionNode = FALSE
	EndGlobalSection
	GlobalSection(ExtensibilityGlobals) = postSolution
		SolutionGuid = {AA8980FA-561C-427E-B868-89F951A42B77}
	EndGlobalSection
EndGlobal
